// !$*UTF8*$!
{
	archiveVersion = 1;
	classes = {
	};
	objectVersion = 50;
	objects = {

/* Begin PBXBuildFile section */
		210F751E144B4725ABF3892B /* Pods_GameLibraryCollectionsTests.framework in Frameworks */ = {isa = PBXBuildFile; fileRef = BDAAF66C45F929FEB01DF51B /* Pods_GameLibraryCollectionsTests.framework */; };
		4F23A44EDA241D120878E07F /* Pods_GameLibraryCollectionsUITests.framework in Frameworks */ = {isa = PBXBuildFile; fileRef = 14104B86FFA4E4D06961E2ED /* Pods_GameLibraryCollectionsUITests.framework */; };
		AEEB967969D8C98FB809FDD1 /* Pods_GameLibraryCollections.framework in Frameworks */ = {isa = PBXBuildFile; fileRef = 95BB4F3083601A4AF43951DA /* Pods_GameLibraryCollections.framework */; };
		FF7008A2215946E800C52C6C /* AppDelegate.swift in Sources */ = {isa = PBXBuildFile; fileRef = FF7008A1215946E800C52C6C /* AppDelegate.swift */; };
		FF7008A7215946E800C52C6C /* Main.storyboard in Resources */ = {isa = PBXBuildFile; fileRef = FF7008A5215946E800C52C6C /* Main.storyboard */; };
		FF7008AA215946E800C52C6C /* GameLibraryCollections.xcdatamodeld in Sources */ = {isa = PBXBuildFile; fileRef = FF7008A8215946E800C52C6C /* GameLibraryCollections.xcdatamodeld */; };
		FF7008AC215946E900C52C6C /* Assets.xcassets in Resources */ = {isa = PBXBuildFile; fileRef = FF7008AB215946E900C52C6C /* Assets.xcassets */; };
		FF7008AF215946E900C52C6C /* LaunchScreen.storyboard in Resources */ = {isa = PBXBuildFile; fileRef = FF7008AD215946E900C52C6C /* LaunchScreen.storyboard */; };
		FF7008C5215946E900C52C6C /* GameLibraryCollectionsUITests.swift in Sources */ = {isa = PBXBuildFile; fileRef = FF7008C4215946E900C52C6C /* GameLibraryCollectionsUITests.swift */; };
		FF7008D32159794C00C52C6C /* GamesTableViewController.swift in Sources */ = {isa = PBXBuildFile; fileRef = FF7008D22159794C00C52C6C /* GamesTableViewController.swift */; };
		FF7008D72159798300C52C6C /* SearchTableViewController.swift in Sources */ = {isa = PBXBuildFile; fileRef = FF7008D62159798300C52C6C /* SearchTableViewController.swift */; };
		FF7008D92159799900C52C6C /* GameDetailViewController.swift in Sources */ = {isa = PBXBuildFile; fileRef = FF7008D82159799900C52C6C /* GameDetailViewController.swift */; };
		FF7008E3215979F100C52C6C /* SearchTableViewCell.swift in Sources */ = {isa = PBXBuildFile; fileRef = FF7008E2215979F100C52C6C /* SearchTableViewCell.swift */; };
		FF7008EA2159824000C52C6C /* GameController.swift in Sources */ = {isa = PBXBuildFile; fileRef = FF7008E92159824000C52C6C /* GameController.swift */; };
		FF7008ED2159880B00C52C6C /* CoreDataStack.swift in Sources */ = {isa = PBXBuildFile; fileRef = FF7008EC2159880B00C52C6C /* CoreDataStack.swift */; };
		FF7008EF2159888A00C52C6C /* Game+Convenience.swift in Sources */ = {isa = PBXBuildFile; fileRef = FF7008EE2159888A00C52C6C /* Game+Convenience.swift */; };
		FF7008F1215995A300C52C6C /* GameRepresentation.swift in Sources */ = {isa = PBXBuildFile; fileRef = FF7008F0215995A300C52C6C /* GameRepresentation.swift */; };
		FF7008F52159BE2200C52C6C /* GameRepresentation+Decodable.swift in Sources */ = {isa = PBXBuildFile; fileRef = FF7008F42159BE2200C52C6C /* GameRepresentation+Decodable.swift */; };
		FF7008F7215ABF9700C52C6C /* GameTableViewCell.swift in Sources */ = {isa = PBXBuildFile; fileRef = FF7008F6215ABF9700C52C6C /* GameTableViewCell.swift */; };
		FF7008F9215AE74300C52C6C /* NetworkDataLoader.swift in Sources */ = {isa = PBXBuildFile; fileRef = FF7008F8215AE74300C52C6C /* NetworkDataLoader.swift */; };
		FF7008FB215AE84700C52C6C /* GameControllerTests.swift in Sources */ = {isa = PBXBuildFile; fileRef = FF7008FA215AE84700C52C6C /* GameControllerTests.swift */; };
		FF7008FD215AEBE700C52C6C /* TestJSON.swift in Sources */ = {isa = PBXBuildFile; fileRef = FF7008FC215AEBE700C52C6C /* TestJSON.swift */; };
		FF7008FF215C393800C52C6C /* AppearanceHelper.swift in Sources */ = {isa = PBXBuildFile; fileRef = FF7008FE215C393800C52C6C /* AppearanceHelper.swift */; };
		FF700901215D481800C52C6C /* UIImageHelper.swift in Sources */ = {isa = PBXBuildFile; fileRef = FF700900215D481800C52C6C /* UIImageHelper.swift */; };
/* End PBXBuildFile section */

/* Begin PBXContainerItemProxy section */
		FF7008B6215946E900C52C6C /* PBXContainerItemProxy */ = {
			isa = PBXContainerItemProxy;
			containerPortal = FF700896215946E800C52C6C /* Project object */;
			proxyType = 1;
			remoteGlobalIDString = FF70089D215946E800C52C6C;
			remoteInfo = GameLibraryCollections;
		};
		FF7008C1215946E900C52C6C /* PBXContainerItemProxy */ = {
			isa = PBXContainerItemProxy;
			containerPortal = FF700896215946E800C52C6C /* Project object */;
			proxyType = 1;
			remoteGlobalIDString = FF70089D215946E800C52C6C;
			remoteInfo = GameLibraryCollections;
		};
/* End PBXContainerItemProxy section */

/* Begin PBXFileReference section */
		14104B86FFA4E4D06961E2ED /* Pods_GameLibraryCollectionsUITests.framework */ = {isa = PBXFileReference; explicitFileType = wrapper.framework; includeInIndex = 0; path = Pods_GameLibraryCollectionsUITests.framework; sourceTree = BUILT_PRODUCTS_DIR; };
		482A7E2B563FE51677E0DC89 /* Pods-GameLibraryCollectionsUITests.release.xcconfig */ = {isa = PBXFileReference; includeInIndex = 1; lastKnownFileType = text.xcconfig; name = "Pods-GameLibraryCollectionsUITests.release.xcconfig"; path = "Pods/Target Support Files/Pods-GameLibraryCollectionsUITests/Pods-GameLibraryCollectionsUITests.release.xcconfig"; sourceTree = "<group>"; };
		4ACB8AEF959EEE895AE3A551 /* Pods-GameLibraryCollections.release.xcconfig */ = {isa = PBXFileReference; includeInIndex = 1; lastKnownFileType = text.xcconfig; name = "Pods-GameLibraryCollections.release.xcconfig"; path = "Pods/Target Support Files/Pods-GameLibraryCollections/Pods-GameLibraryCollections.release.xcconfig"; sourceTree = "<group>"; };
		64A07DBFF626FBE3DCB1EAC3 /* Pods-GameLibraryCollectionsTests.release.xcconfig */ = {isa = PBXFileReference; includeInIndex = 1; lastKnownFileType = text.xcconfig; name = "Pods-GameLibraryCollectionsTests.release.xcconfig"; path = "Pods/Target Support Files/Pods-GameLibraryCollectionsTests/Pods-GameLibraryCollectionsTests.release.xcconfig"; sourceTree = "<group>"; };
		7A1B0B825EEE8B537D9203A3 /* Pods-GameLibraryCollectionsTests.debug.xcconfig */ = {isa = PBXFileReference; includeInIndex = 1; lastKnownFileType = text.xcconfig; name = "Pods-GameLibraryCollectionsTests.debug.xcconfig"; path = "Pods/Target Support Files/Pods-GameLibraryCollectionsTests/Pods-GameLibraryCollectionsTests.debug.xcconfig"; sourceTree = "<group>"; };
		95BB4F3083601A4AF43951DA /* Pods_GameLibraryCollections.framework */ = {isa = PBXFileReference; explicitFileType = wrapper.framework; includeInIndex = 0; path = Pods_GameLibraryCollections.framework; sourceTree = BUILT_PRODUCTS_DIR; };
		BD36ECE86F2CE03DAC6C120D /* Pods-GameLibraryCollectionsUITests.debug.xcconfig */ = {isa = PBXFileReference; includeInIndex = 1; lastKnownFileType = text.xcconfig; name = "Pods-GameLibraryCollectionsUITests.debug.xcconfig"; path = "Pods/Target Support Files/Pods-GameLibraryCollectionsUITests/Pods-GameLibraryCollectionsUITests.debug.xcconfig"; sourceTree = "<group>"; };
		BDAAF66C45F929FEB01DF51B /* Pods_GameLibraryCollectionsTests.framework */ = {isa = PBXFileReference; explicitFileType = wrapper.framework; includeInIndex = 0; path = Pods_GameLibraryCollectionsTests.framework; sourceTree = BUILT_PRODUCTS_DIR; };
		F1A9063E8ECBCFC597C6E665 /* Pods-GameLibraryCollections.debug.xcconfig */ = {isa = PBXFileReference; includeInIndex = 1; lastKnownFileType = text.xcconfig; name = "Pods-GameLibraryCollections.debug.xcconfig"; path = "Pods/Target Support Files/Pods-GameLibraryCollections/Pods-GameLibraryCollections.debug.xcconfig"; sourceTree = "<group>"; };
		FF70089E215946E800C52C6C /* GameLibraryCollections.app */ = {isa = PBXFileReference; explicitFileType = wrapper.application; includeInIndex = 0; path = GameLibraryCollections.app; sourceTree = BUILT_PRODUCTS_DIR; };
		FF7008A1215946E800C52C6C /* AppDelegate.swift */ = {isa = PBXFileReference; lastKnownFileType = sourcecode.swift; path = AppDelegate.swift; sourceTree = "<group>"; };
		FF7008A6215946E800C52C6C /* Base */ = {isa = PBXFileReference; lastKnownFileType = file.storyboard; name = Base; path = Base.lproj/Main.storyboard; sourceTree = "<group>"; };
		FF7008A9215946E800C52C6C /* GameLibraryCollections.xcdatamodel */ = {isa = PBXFileReference; lastKnownFileType = wrapper.xcdatamodel; path = GameLibraryCollections.xcdatamodel; sourceTree = "<group>"; };
		FF7008AB215946E900C52C6C /* Assets.xcassets */ = {isa = PBXFileReference; lastKnownFileType = folder.assetcatalog; path = Assets.xcassets; sourceTree = "<group>"; };
		FF7008AE215946E900C52C6C /* Base */ = {isa = PBXFileReference; lastKnownFileType = file.storyboard; name = Base; path = Base.lproj/LaunchScreen.storyboard; sourceTree = "<group>"; };
		FF7008B0215946E900C52C6C /* Info.plist */ = {isa = PBXFileReference; lastKnownFileType = text.plist.xml; path = Info.plist; sourceTree = "<group>"; };
		FF7008B5215946E900C52C6C /* GameLibraryCollectionsTests.xctest */ = {isa = PBXFileReference; explicitFileType = wrapper.cfbundle; includeInIndex = 0; path = GameLibraryCollectionsTests.xctest; sourceTree = BUILT_PRODUCTS_DIR; };
		FF7008BB215946E900C52C6C /* Info.plist */ = {isa = PBXFileReference; lastKnownFileType = text.plist.xml; path = Info.plist; sourceTree = "<group>"; };
		FF7008C0215946E900C52C6C /* GameLibraryCollectionsUITests.xctest */ = {isa = PBXFileReference; explicitFileType = wrapper.cfbundle; includeInIndex = 0; path = GameLibraryCollectionsUITests.xctest; sourceTree = BUILT_PRODUCTS_DIR; };
		FF7008C4215946E900C52C6C /* GameLibraryCollectionsUITests.swift */ = {isa = PBXFileReference; lastKnownFileType = sourcecode.swift; path = GameLibraryCollectionsUITests.swift; sourceTree = "<group>"; };
		FF7008C6215946E900C52C6C /* Info.plist */ = {isa = PBXFileReference; lastKnownFileType = text.plist.xml; path = Info.plist; sourceTree = "<group>"; };
		FF7008D22159794C00C52C6C /* GamesTableViewController.swift */ = {isa = PBXFileReference; lastKnownFileType = sourcecode.swift; path = GamesTableViewController.swift; sourceTree = "<group>"; };
		FF7008D62159798300C52C6C /* SearchTableViewController.swift */ = {isa = PBXFileReference; lastKnownFileType = sourcecode.swift; path = SearchTableViewController.swift; sourceTree = "<group>"; };
		FF7008D82159799900C52C6C /* GameDetailViewController.swift */ = {isa = PBXFileReference; lastKnownFileType = sourcecode.swift; path = GameDetailViewController.swift; sourceTree = "<group>"; };
		FF7008E2215979F100C52C6C /* SearchTableViewCell.swift */ = {isa = PBXFileReference; lastKnownFileType = sourcecode.swift; path = SearchTableViewCell.swift; sourceTree = "<group>"; };
		FF7008E92159824000C52C6C /* GameController.swift */ = {isa = PBXFileReference; lastKnownFileType = sourcecode.swift; path = GameController.swift; sourceTree = "<group>"; };
		FF7008EC2159880B00C52C6C /* CoreDataStack.swift */ = {isa = PBXFileReference; fileEncoding = 4; lastKnownFileType = sourcecode.swift; path = CoreDataStack.swift; sourceTree = "<group>"; };
		FF7008EE2159888A00C52C6C /* Game+Convenience.swift */ = {isa = PBXFileReference; lastKnownFileType = sourcecode.swift; path = "Game+Convenience.swift"; sourceTree = "<group>"; };
		FF7008F0215995A300C52C6C /* GameRepresentation.swift */ = {isa = PBXFileReference; lastKnownFileType = sourcecode.swift; path = GameRepresentation.swift; sourceTree = "<group>"; };
		FF7008F42159BE2200C52C6C /* GameRepresentation+Decodable.swift */ = {isa = PBXFileReference; lastKnownFileType = sourcecode.swift; path = "GameRepresentation+Decodable.swift"; sourceTree = "<group>"; };
		FF7008F6215ABF9700C52C6C /* GameTableViewCell.swift */ = {isa = PBXFileReference; lastKnownFileType = sourcecode.swift; path = GameTableViewCell.swift; sourceTree = "<group>"; };
		FF7008F8215AE74300C52C6C /* NetworkDataLoader.swift */ = {isa = PBXFileReference; lastKnownFileType = sourcecode.swift; path = NetworkDataLoader.swift; sourceTree = "<group>"; };
		FF7008FA215AE84700C52C6C /* GameControllerTests.swift */ = {isa = PBXFileReference; lastKnownFileType = sourcecode.swift; path = GameControllerTests.swift; sourceTree = "<group>"; };
		FF7008FC215AEBE700C52C6C /* TestJSON.swift */ = {isa = PBXFileReference; lastKnownFileType = sourcecode.swift; path = TestJSON.swift; sourceTree = "<group>"; };
		FF7008FE215C393800C52C6C /* AppearanceHelper.swift */ = {isa = PBXFileReference; lastKnownFileType = sourcecode.swift; path = AppearanceHelper.swift; sourceTree = "<group>"; };
		FF700900215D481800C52C6C /* UIImageHelper.swift */ = {isa = PBXFileReference; lastKnownFileType = sourcecode.swift; path = UIImageHelper.swift; sourceTree = "<group>"; };
/* End PBXFileReference section */

/* Begin PBXFrameworksBuildPhase section */
		FF70089B215946E800C52C6C /* Frameworks */ = {
			isa = PBXFrameworksBuildPhase;
			buildActionMask = 2147483647;
			files = (
				AEEB967969D8C98FB809FDD1 /* Pods_GameLibraryCollections.framework in Frameworks */,
			);
			runOnlyForDeploymentPostprocessing = 0;
		};
		FF7008B2215946E900C52C6C /* Frameworks */ = {
			isa = PBXFrameworksBuildPhase;
			buildActionMask = 2147483647;
			files = (
				210F751E144B4725ABF3892B /* Pods_GameLibraryCollectionsTests.framework in Frameworks */,
			);
			runOnlyForDeploymentPostprocessing = 0;
		};
		FF7008BD215946E900C52C6C /* Frameworks */ = {
			isa = PBXFrameworksBuildPhase;
			buildActionMask = 2147483647;
			files = (
				4F23A44EDA241D120878E07F /* Pods_GameLibraryCollectionsUITests.framework in Frameworks */,
			);
			runOnlyForDeploymentPostprocessing = 0;
		};
/* End PBXFrameworksBuildPhase section */

/* Begin PBXGroup section */
		38F33D908C8A8B1364371EF0 /* Pods */ = {
			isa = PBXGroup;
			children = (
				F1A9063E8ECBCFC597C6E665 /* Pods-GameLibraryCollections.debug.xcconfig */,
				4ACB8AEF959EEE895AE3A551 /* Pods-GameLibraryCollections.release.xcconfig */,
				7A1B0B825EEE8B537D9203A3 /* Pods-GameLibraryCollectionsTests.debug.xcconfig */,
				64A07DBFF626FBE3DCB1EAC3 /* Pods-GameLibraryCollectionsTests.release.xcconfig */,
				BD36ECE86F2CE03DAC6C120D /* Pods-GameLibraryCollectionsUITests.debug.xcconfig */,
				482A7E2B563FE51677E0DC89 /* Pods-GameLibraryCollectionsUITests.release.xcconfig */,
			);
			name = Pods;
			sourceTree = "<group>";
		};
		75910FF1078AA2216143187F /* Frameworks */ = {
			isa = PBXGroup;
			children = (
				95BB4F3083601A4AF43951DA /* Pods_GameLibraryCollections.framework */,
				BDAAF66C45F929FEB01DF51B /* Pods_GameLibraryCollectionsTests.framework */,
				14104B86FFA4E4D06961E2ED /* Pods_GameLibraryCollectionsUITests.framework */,
			);
			name = Frameworks;
			sourceTree = "<group>";
		};
		FF700895215946E800C52C6C = {
			isa = PBXGroup;
			children = (
				FF7008A0215946E800C52C6C /* GameLibraryCollections */,
				FF7008B8215946E900C52C6C /* GameLibraryCollectionsTests */,
				FF7008C3215946E900C52C6C /* GameLibraryCollectionsUITests */,
				FF70089F215946E800C52C6C /* Products */,
				38F33D908C8A8B1364371EF0 /* Pods */,
				75910FF1078AA2216143187F /* Frameworks */,
			);
			sourceTree = "<group>";
		};
		FF70089F215946E800C52C6C /* Products */ = {
			isa = PBXGroup;
			children = (
				FF70089E215946E800C52C6C /* GameLibraryCollections.app */,
				FF7008B5215946E900C52C6C /* GameLibraryCollectionsTests.xctest */,
				FF7008C0215946E900C52C6C /* GameLibraryCollectionsUITests.xctest */,
			);
			name = Products;
			sourceTree = "<group>";
		};
		FF7008A0215946E800C52C6C /* GameLibraryCollections */ = {
			isa = PBXGroup;
			children = (
				FF7008E821597B4C00C52C6C /* Models */,
				FF7008EB215987F100C52C6C /* ModelControllers */,
				FF7008E521597B0100C52C6C /* Views */,
				FF7008E421597AEE00C52C6C /* ViewControllers */,
				FF7008E721597B3800C52C6C /* Storyboards */,
				FF7008E621597B2500C52C6C /* Resources */,
			);
			path = GameLibraryCollections;
			sourceTree = "<group>";
		};
		FF7008B8215946E900C52C6C /* GameLibraryCollectionsTests */ = {
			isa = PBXGroup;
			children = (
				FF7008BB215946E900C52C6C /* Info.plist */,
				FF7008FA215AE84700C52C6C /* GameControllerTests.swift */,
				FF7008FC215AEBE700C52C6C /* TestJSON.swift */,
			);
			path = GameLibraryCollectionsTests;
			sourceTree = "<group>";
		};
		FF7008C3215946E900C52C6C /* GameLibraryCollectionsUITests */ = {
			isa = PBXGroup;
			children = (
				FF7008C4215946E900C52C6C /* GameLibraryCollectionsUITests.swift */,
				FF7008C6215946E900C52C6C /* Info.plist */,
			);
			path = GameLibraryCollectionsUITests;
			sourceTree = "<group>";
		};
		FF7008E421597AEE00C52C6C /* ViewControllers */ = {
			isa = PBXGroup;
			children = (
				FF7008D22159794C00C52C6C /* GamesTableViewController.swift */,
				FF7008D62159798300C52C6C /* SearchTableViewController.swift */,
				FF7008D82159799900C52C6C /* GameDetailViewController.swift */,
			);
			path = ViewControllers;
			sourceTree = "<group>";
		};
		FF7008E521597B0100C52C6C /* Views */ = {
			isa = PBXGroup;
			children = (
				FF7008E2215979F100C52C6C /* SearchTableViewCell.swift */,
				FF7008F6215ABF9700C52C6C /* GameTableViewCell.swift */,
			);
			path = Views;
			sourceTree = "<group>";
		};
		FF7008E621597B2500C52C6C /* Resources */ = {
			isa = PBXGroup;
			children = (
				FF7008A1215946E800C52C6C /* AppDelegate.swift */,
				FF7008AB215946E900C52C6C /* Assets.xcassets */,
				FF7008B0215946E900C52C6C /* Info.plist */,
				FF7008F8215AE74300C52C6C /* NetworkDataLoader.swift */,
				FF7008FE215C393800C52C6C /* AppearanceHelper.swift */,
				FF700900215D481800C52C6C /* UIImageHelper.swift */,
			);
			path = Resources;
			sourceTree = "<group>";
		};
		FF7008E721597B3800C52C6C /* Storyboards */ = {
			isa = PBXGroup;
			children = (
				FF7008A5215946E800C52C6C /* Main.storyboard */,
				FF7008AD215946E900C52C6C /* LaunchScreen.storyboard */,
			);
			path = Storyboards;
			sourceTree = "<group>";
		};
		FF7008E821597B4C00C52C6C /* Models */ = {
			isa = PBXGroup;
			children = (
				FF7008A8215946E800C52C6C /* GameLibraryCollections.xcdatamodeld */,
				FF7008EC2159880B00C52C6C /* CoreDataStack.swift */,
				FF7008EE2159888A00C52C6C /* Game+Convenience.swift */,
				FF7008F0215995A300C52C6C /* GameRepresentation.swift */,
				FF7008F42159BE2200C52C6C /* GameRepresentation+Decodable.swift */,
			);
			path = Models;
			sourceTree = "<group>";
		};
		FF7008EB215987F100C52C6C /* ModelControllers */ = {
			isa = PBXGroup;
			children = (
				FF7008E92159824000C52C6C /* GameController.swift */,
			);
			path = ModelControllers;
			sourceTree = "<group>";
		};
/* End PBXGroup section */

/* Begin PBXNativeTarget section */
		FF70089D215946E800C52C6C /* GameLibraryCollections */ = {
			isa = PBXNativeTarget;
			buildConfigurationList = FF7008C9215946E900C52C6C /* Build configuration list for PBXNativeTarget "GameLibraryCollections" */;
			buildPhases = (
				DBDDEC30FC5FD95E1D605539 /* [CP] Check Pods Manifest.lock */,
				FF70089A215946E800C52C6C /* Sources */,
				FF70089B215946E800C52C6C /* Frameworks */,
				FF70089C215946E800C52C6C /* Resources */,
				C83B72E9FE6A5B6F0C6462CF /* [CP] Embed Pods Frameworks */,
			);
			buildRules = (
			);
			dependencies = (
			);
			name = GameLibraryCollections;
			productName = GameLibraryCollections;
			productReference = FF70089E215946E800C52C6C /* GameLibraryCollections.app */;
			productType = "com.apple.product-type.application";
		};
		FF7008B4215946E900C52C6C /* GameLibraryCollectionsTests */ = {
			isa = PBXNativeTarget;
			buildConfigurationList = FF7008CC215946E900C52C6C /* Build configuration list for PBXNativeTarget "GameLibraryCollectionsTests" */;
			buildPhases = (
				EB407853CA432DA2249B8D10 /* [CP] Check Pods Manifest.lock */,
				FF7008B1215946E900C52C6C /* Sources */,
				FF7008B2215946E900C52C6C /* Frameworks */,
				FF7008B3215946E900C52C6C /* Resources */,
			);
			buildRules = (
			);
			dependencies = (
				FF7008B7215946E900C52C6C /* PBXTargetDependency */,
			);
			name = GameLibraryCollectionsTests;
			productName = GameLibraryCollectionsTests;
			productReference = FF7008B5215946E900C52C6C /* GameLibraryCollectionsTests.xctest */;
			productType = "com.apple.product-type.bundle.unit-test";
		};
		FF7008BF215946E900C52C6C /* GameLibraryCollectionsUITests */ = {
			isa = PBXNativeTarget;
			buildConfigurationList = FF7008CF215946E900C52C6C /* Build configuration list for PBXNativeTarget "GameLibraryCollectionsUITests" */;
			buildPhases = (
				3792FA09BE7E08DAD9C7FCDB /* [CP] Check Pods Manifest.lock */,
				FF7008BC215946E900C52C6C /* Sources */,
				FF7008BD215946E900C52C6C /* Frameworks */,
				FF7008BE215946E900C52C6C /* Resources */,
			);
			buildRules = (
			);
			dependencies = (
				FF7008C2215946E900C52C6C /* PBXTargetDependency */,
			);
			name = GameLibraryCollectionsUITests;
			productName = GameLibraryCollectionsUITests;
			productReference = FF7008C0215946E900C52C6C /* GameLibraryCollectionsUITests.xctest */;
			productType = "com.apple.product-type.bundle.ui-testing";
		};
/* End PBXNativeTarget section */

/* Begin PBXProject section */
		FF700896215946E800C52C6C /* Project object */ = {
			isa = PBXProject;
			attributes = {
				LastSwiftUpdateCheck = 1000;
				LastUpgradeCheck = 1000;
				ORGANIZATIONNAME = "Lisa M Sampson";
				TargetAttributes = {
					FF70089D215946E800C52C6C = {
						CreatedOnToolsVersion = 10.0;
					};
					FF7008B4215946E900C52C6C = {
						CreatedOnToolsVersion = 10.0;
						LastSwiftMigration = 1000;
						TestTargetID = FF70089D215946E800C52C6C;
					};
					FF7008BF215946E900C52C6C = {
						CreatedOnToolsVersion = 10.0;
						TestTargetID = FF70089D215946E800C52C6C;
					};
				};
			};
			buildConfigurationList = FF700899215946E800C52C6C /* Build configuration list for PBXProject "GameLibraryCollections" */;
			compatibilityVersion = "Xcode 9.3";
			developmentRegion = en;
			hasScannedForEncodings = 0;
			knownRegions = (
				en,
				Base,
			);
			mainGroup = FF700895215946E800C52C6C;
			productRefGroup = FF70089F215946E800C52C6C /* Products */;
			projectDirPath = "";
			projectRoot = "";
			targets = (
				FF70089D215946E800C52C6C /* GameLibraryCollections */,
				FF7008B4215946E900C52C6C /* GameLibraryCollectionsTests */,
				FF7008BF215946E900C52C6C /* GameLibraryCollectionsUITests */,
			);
		};
/* End PBXProject section */

/* Begin PBXResourcesBuildPhase section */
		FF70089C215946E800C52C6C /* Resources */ = {
			isa = PBXResourcesBuildPhase;
			buildActionMask = 2147483647;
			files = (
				FF7008AF215946E900C52C6C /* LaunchScreen.storyboard in Resources */,
				FF7008AC215946E900C52C6C /* Assets.xcassets in Resources */,
				FF7008A7215946E800C52C6C /* Main.storyboard in Resources */,
			);
			runOnlyForDeploymentPostprocessing = 0;
		};
		FF7008B3215946E900C52C6C /* Resources */ = {
			isa = PBXResourcesBuildPhase;
			buildActionMask = 2147483647;
			files = (
			);
			runOnlyForDeploymentPostprocessing = 0;
		};
		FF7008BE215946E900C52C6C /* Resources */ = {
			isa = PBXResourcesBuildPhase;
			buildActionMask = 2147483647;
			files = (
			);
			runOnlyForDeploymentPostprocessing = 0;
		};
/* End PBXResourcesBuildPhase section */

/* Begin PBXShellScriptBuildPhase section */
		3792FA09BE7E08DAD9C7FCDB /* [CP] Check Pods Manifest.lock */ = {
			isa = PBXShellScriptBuildPhase;
			buildActionMask = 2147483647;
			files = (
			);
			inputFileListPaths = (
			);
			inputPaths = (
				"${PODS_PODFILE_DIR_PATH}/Podfile.lock",
				"${PODS_ROOT}/Manifest.lock",
			);
			name = "[CP] Check Pods Manifest.lock";
			outputFileListPaths = (
			);
			outputPaths = (
				"$(DERIVED_FILE_DIR)/Pods-GameLibraryCollectionsUITests-checkManifestLockResult.txt",
			);
			runOnlyForDeploymentPostprocessing = 0;
			shellPath = /bin/sh;
			shellScript = "diff \"${PODS_PODFILE_DIR_PATH}/Podfile.lock\" \"${PODS_ROOT}/Manifest.lock\" > /dev/null\nif [ $? != 0 ] ; then\n    # print error to STDERR\n    echo \"error: The sandbox is not in sync with the Podfile.lock. Run 'pod install' or update your CocoaPods installation.\" >&2\n    exit 1\nfi\n# This output is used by Xcode 'outputs' to avoid re-running this script phase.\necho \"SUCCESS\" > \"${SCRIPT_OUTPUT_FILE_0}\"\n";
			showEnvVarsInLog = 0;
		};
		C83B72E9FE6A5B6F0C6462CF /* [CP] Embed Pods Frameworks */ = {
			isa = PBXShellScriptBuildPhase;
			buildActionMask = 2147483647;
			files = (
			);
			inputFileListPaths = (
			);
			inputPaths = (
				"${SRCROOT}/Pods/Target Support Files/Pods-GameLibraryCollections/Pods-GameLibraryCollections-frameworks.sh",
				"${BUILT_PRODUCTS_DIR}/SDWebImage/SDWebImage.framework",
			);
			name = "[CP] Embed Pods Frameworks";
			outputFileListPaths = (
			);
			outputPaths = (
				"${TARGET_BUILD_DIR}/${FRAMEWORKS_FOLDER_PATH}/SDWebImage.framework",
			);
			runOnlyForDeploymentPostprocessing = 0;
			shellPath = /bin/sh;
			shellScript = "\"${SRCROOT}/Pods/Target Support Files/Pods-GameLibraryCollections/Pods-GameLibraryCollections-frameworks.sh\"\n";
			showEnvVarsInLog = 0;
		};
		DBDDEC30FC5FD95E1D605539 /* [CP] Check Pods Manifest.lock */ = {
			isa = PBXShellScriptBuildPhase;
			buildActionMask = 2147483647;
			files = (
			);
			inputFileListPaths = (
			);
			inputPaths = (
				"${PODS_PODFILE_DIR_PATH}/Podfile.lock",
				"${PODS_ROOT}/Manifest.lock",
			);
			name = "[CP] Check Pods Manifest.lock";
			outputFileListPaths = (
			);
			outputPaths = (
				"$(DERIVED_FILE_DIR)/Pods-GameLibraryCollections-checkManifestLockResult.txt",
			);
			runOnlyForDeploymentPostprocessing = 0;
			shellPath = /bin/sh;
			shellScript = "diff \"${PODS_PODFILE_DIR_PATH}/Podfile.lock\" \"${PODS_ROOT}/Manifest.lock\" > /dev/null\nif [ $? != 0 ] ; then\n    # print error to STDERR\n    echo \"error: The sandbox is not in sync with the Podfile.lock. Run 'pod install' or update your CocoaPods installation.\" >&2\n    exit 1\nfi\n# This output is used by Xcode 'outputs' to avoid re-running this script phase.\necho \"SUCCESS\" > \"${SCRIPT_OUTPUT_FILE_0}\"\n";
			showEnvVarsInLog = 0;
		};
		EB407853CA432DA2249B8D10 /* [CP] Check Pods Manifest.lock */ = {
			isa = PBXShellScriptBuildPhase;
			buildActionMask = 2147483647;
			files = (
			);
			inputFileListPaths = (
			);
			inputPaths = (
				"${PODS_PODFILE_DIR_PATH}/Podfile.lock",
				"${PODS_ROOT}/Manifest.lock",
			);
			name = "[CP] Check Pods Manifest.lock";
			outputFileListPaths = (
			);
			outputPaths = (
				"$(DERIVED_FILE_DIR)/Pods-GameLibraryCollectionsTests-checkManifestLockResult.txt",
			);
			runOnlyForDeploymentPostprocessing = 0;
			shellPath = /bin/sh;
			shellScript = "diff \"${PODS_PODFILE_DIR_PATH}/Podfile.lock\" \"${PODS_ROOT}/Manifest.lock\" > /dev/null\nif [ $? != 0 ] ; then\n    # print error to STDERR\n    echo \"error: The sandbox is not in sync with the Podfile.lock. Run 'pod install' or update your CocoaPods installation.\" >&2\n    exit 1\nfi\n# This output is used by Xcode 'outputs' to avoid re-running this script phase.\necho \"SUCCESS\" > \"${SCRIPT_OUTPUT_FILE_0}\"\n";
			showEnvVarsInLog = 0;
		};
/* End PBXShellScriptBuildPhase section */

/* Begin PBXSourcesBuildPhase section */
		FF70089A215946E800C52C6C /* Sources */ = {
			isa = PBXSourcesBuildPhase;
			buildActionMask = 2147483647;
			files = (
				FF7008D92159799900C52C6C /* GameDetailViewController.swift in Sources */,
				FF7008F1215995A300C52C6C /* GameRepresentation.swift in Sources */,
				FF7008EF2159888A00C52C6C /* Game+Convenience.swift in Sources */,
				FF7008FF215C393800C52C6C /* AppearanceHelper.swift in Sources */,
				FF7008EA2159824000C52C6C /* GameController.swift in Sources */,
				FF7008F9215AE74300C52C6C /* NetworkDataLoader.swift in Sources */,
				FF700901215D481800C52C6C /* UIImageHelper.swift in Sources */,
				FF7008D72159798300C52C6C /* SearchTableViewController.swift in Sources */,
				FF7008F52159BE2200C52C6C /* GameRepresentation+Decodable.swift in Sources */,
				FF7008ED2159880B00C52C6C /* CoreDataStack.swift in Sources */,
				FF7008A2215946E800C52C6C /* AppDelegate.swift in Sources */,
				FF7008E3215979F100C52C6C /* SearchTableViewCell.swift in Sources */,
				FF7008AA215946E800C52C6C /* GameLibraryCollections.xcdatamodeld in Sources */,
				FF7008D32159794C00C52C6C /* GamesTableViewController.swift in Sources */,
				FF7008F7215ABF9700C52C6C /* GameTableViewCell.swift in Sources */,
			);
			runOnlyForDeploymentPostprocessing = 0;
		};
		FF7008B1215946E900C52C6C /* Sources */ = {
			isa = PBXSourcesBuildPhase;
			buildActionMask = 2147483647;
			files = (
				FF7008FB215AE84700C52C6C /* GameControllerTests.swift in Sources */,
				FF7008FD215AEBE700C52C6C /* TestJSON.swift in Sources */,
			);
			runOnlyForDeploymentPostprocessing = 0;
		};
		FF7008BC215946E900C52C6C /* Sources */ = {
			isa = PBXSourcesBuildPhase;
			buildActionMask = 2147483647;
			files = (
				FF7008C5215946E900C52C6C /* GameLibraryCollectionsUITests.swift in Sources */,
			);
			runOnlyForDeploymentPostprocessing = 0;
		};
/* End PBXSourcesBuildPhase section */

/* Begin PBXTargetDependency section */
		FF7008B7215946E900C52C6C /* PBXTargetDependency */ = {
			isa = PBXTargetDependency;
			target = FF70089D215946E800C52C6C /* GameLibraryCollections */;
			targetProxy = FF7008B6215946E900C52C6C /* PBXContainerItemProxy */;
		};
		FF7008C2215946E900C52C6C /* PBXTargetDependency */ = {
			isa = PBXTargetDependency;
			target = FF70089D215946E800C52C6C /* GameLibraryCollections */;
			targetProxy = FF7008C1215946E900C52C6C /* PBXContainerItemProxy */;
		};
/* End PBXTargetDependency section */

/* Begin PBXVariantGroup section */
		FF7008A5215946E800C52C6C /* Main.storyboard */ = {
			isa = PBXVariantGroup;
			children = (
				FF7008A6215946E800C52C6C /* Base */,
			);
			name = Main.storyboard;
			sourceTree = "<group>";
		};
		FF7008AD215946E900C52C6C /* LaunchScreen.storyboard */ = {
			isa = PBXVariantGroup;
			children = (
				FF7008AE215946E900C52C6C /* Base */,
			);
			name = LaunchScreen.storyboard;
			sourceTree = "<group>";
		};
/* End PBXVariantGroup section */

/* Begin XCBuildConfiguration section */
		FF7008C7215946E900C52C6C /* Debug */ = {
			isa = XCBuildConfiguration;
			buildSettings = {
				ALWAYS_SEARCH_USER_PATHS = NO;
				CLANG_ANALYZER_NONNULL = YES;
				CLANG_ANALYZER_NUMBER_OBJECT_CONVERSION = YES_AGGRESSIVE;
				CLANG_CXX_LANGUAGE_STANDARD = "gnu++14";
				CLANG_CXX_LIBRARY = "libc++";
				CLANG_ENABLE_MODULES = YES;
				CLANG_ENABLE_OBJC_ARC = YES;
				CLANG_ENABLE_OBJC_WEAK = YES;
				CLANG_WARN_BLOCK_CAPTURE_AUTORELEASING = YES;
				CLANG_WARN_BOOL_CONVERSION = YES;
				CLANG_WARN_COMMA = YES;
				CLANG_WARN_CONSTANT_CONVERSION = YES;
				CLANG_WARN_DEPRECATED_OBJC_IMPLEMENTATIONS = YES;
				CLANG_WARN_DIRECT_OBJC_ISA_USAGE = YES_ERROR;
				CLANG_WARN_DOCUMENTATION_COMMENTS = YES;
				CLANG_WARN_EMPTY_BODY = YES;
				CLANG_WARN_ENUM_CONVERSION = YES;
				CLANG_WARN_INFINITE_RECURSION = YES;
				CLANG_WARN_INT_CONVERSION = YES;
				CLANG_WARN_NON_LITERAL_NULL_CONVERSION = YES;
				CLANG_WARN_OBJC_IMPLICIT_RETAIN_SELF = YES;
				CLANG_WARN_OBJC_LITERAL_CONVERSION = YES;
				CLANG_WARN_OBJC_ROOT_CLASS = YES_ERROR;
				CLANG_WARN_RANGE_LOOP_ANALYSIS = YES;
				CLANG_WARN_STRICT_PROTOTYPES = YES;
				CLANG_WARN_SUSPICIOUS_MOVE = YES;
				CLANG_WARN_UNGUARDED_AVAILABILITY = YES_AGGRESSIVE;
				CLANG_WARN_UNREACHABLE_CODE = YES;
				CLANG_WARN__DUPLICATE_METHOD_MATCH = YES;
				CODE_SIGN_IDENTITY = "iPhone Developer";
				COPY_PHASE_STRIP = NO;
				DEBUG_INFORMATION_FORMAT = dwarf;
				ENABLE_STRICT_OBJC_MSGSEND = YES;
				ENABLE_TESTABILITY = YES;
				GCC_C_LANGUAGE_STANDARD = gnu11;
				GCC_DYNAMIC_NO_PIC = NO;
				GCC_NO_COMMON_BLOCKS = YES;
				GCC_OPTIMIZATION_LEVEL = 0;
				GCC_PREPROCESSOR_DEFINITIONS = (
					"DEBUG=1",
					"$(inherited)",
				);
				GCC_WARN_64_TO_32_BIT_CONVERSION = YES;
				GCC_WARN_ABOUT_RETURN_TYPE = YES_ERROR;
				GCC_WARN_UNDECLARED_SELECTOR = YES;
				GCC_WARN_UNINITIALIZED_AUTOS = YES_AGGRESSIVE;
				GCC_WARN_UNUSED_FUNCTION = YES;
				GCC_WARN_UNUSED_VARIABLE = YES;
				IPHONEOS_DEPLOYMENT_TARGET = 12.0;
				MTL_ENABLE_DEBUG_INFO = INCLUDE_SOURCE;
				MTL_FAST_MATH = YES;
				ONLY_ACTIVE_ARCH = YES;
				SDKROOT = iphoneos;
				SWIFT_ACTIVE_COMPILATION_CONDITIONS = DEBUG;
				SWIFT_OPTIMIZATION_LEVEL = "-Onone";
			};
			name = Debug;
		};
		FF7008C8215946E900C52C6C /* Release */ = {
			isa = XCBuildConfiguration;
			buildSettings = {
				ALWAYS_SEARCH_USER_PATHS = NO;
				CLANG_ANALYZER_NONNULL = YES;
				CLANG_ANALYZER_NUMBER_OBJECT_CONVERSION = YES_AGGRESSIVE;
				CLANG_CXX_LANGUAGE_STANDARD = "gnu++14";
				CLANG_CXX_LIBRARY = "libc++";
				CLANG_ENABLE_MODULES = YES;
				CLANG_ENABLE_OBJC_ARC = YES;
				CLANG_ENABLE_OBJC_WEAK = YES;
				CLANG_WARN_BLOCK_CAPTURE_AUTORELEASING = YES;
				CLANG_WARN_BOOL_CONVERSION = YES;
				CLANG_WARN_COMMA = YES;
				CLANG_WARN_CONSTANT_CONVERSION = YES;
				CLANG_WARN_DEPRECATED_OBJC_IMPLEMENTATIONS = YES;
				CLANG_WARN_DIRECT_OBJC_ISA_USAGE = YES_ERROR;
				CLANG_WARN_DOCUMENTATION_COMMENTS = YES;
				CLANG_WARN_EMPTY_BODY = YES;
				CLANG_WARN_ENUM_CONVERSION = YES;
				CLANG_WARN_INFINITE_RECURSION = YES;
				CLANG_WARN_INT_CONVERSION = YES;
				CLANG_WARN_NON_LITERAL_NULL_CONVERSION = YES;
				CLANG_WARN_OBJC_IMPLICIT_RETAIN_SELF = YES;
				CLANG_WARN_OBJC_LITERAL_CONVERSION = YES;
				CLANG_WARN_OBJC_ROOT_CLASS = YES_ERROR;
				CLANG_WARN_RANGE_LOOP_ANALYSIS = YES;
				CLANG_WARN_STRICT_PROTOTYPES = YES;
				CLANG_WARN_SUSPICIOUS_MOVE = YES;
				CLANG_WARN_UNGUARDED_AVAILABILITY = YES_AGGRESSIVE;
				CLANG_WARN_UNREACHABLE_CODE = YES;
				CLANG_WARN__DUPLICATE_METHOD_MATCH = YES;
				CODE_SIGN_IDENTITY = "iPhone Developer";
				COPY_PHASE_STRIP = NO;
				DEBUG_INFORMATION_FORMAT = "dwarf-with-dsym";
				ENABLE_NS_ASSERTIONS = NO;
				ENABLE_STRICT_OBJC_MSGSEND = YES;
				GCC_C_LANGUAGE_STANDARD = gnu11;
				GCC_NO_COMMON_BLOCKS = YES;
				GCC_WARN_64_TO_32_BIT_CONVERSION = YES;
				GCC_WARN_ABOUT_RETURN_TYPE = YES_ERROR;
				GCC_WARN_UNDECLARED_SELECTOR = YES;
				GCC_WARN_UNINITIALIZED_AUTOS = YES_AGGRESSIVE;
				GCC_WARN_UNUSED_FUNCTION = YES;
				GCC_WARN_UNUSED_VARIABLE = YES;
				IPHONEOS_DEPLOYMENT_TARGET = 12.0;
				MTL_ENABLE_DEBUG_INFO = NO;
				MTL_FAST_MATH = YES;
				SDKROOT = iphoneos;
				SWIFT_COMPILATION_MODE = wholemodule;
				SWIFT_OPTIMIZATION_LEVEL = "-O";
				VALIDATE_PRODUCT = YES;
			};
			name = Release;
		};
		FF7008CA215946E900C52C6C /* Debug */ = {
			isa = XCBuildConfiguration;
			baseConfigurationReference = F1A9063E8ECBCFC597C6E665 /* Pods-GameLibraryCollections.debug.xcconfig */;
			buildSettings = {
				ASSETCATALOG_COMPILER_APPICON_NAME = AppIcon;
				CODE_SIGN_STYLE = Automatic;
				DEVELOPMENT_TEAM = 2LA5UAXN45;
				INFOPLIST_FILE = "$(SRCROOT)/GameLibraryCollections/Resources/Info.plist";
				LD_RUNPATH_SEARCH_PATHS = (
					"$(inherited)",
					"@executable_path/Frameworks",
				);
				PRODUCT_BUNDLE_IDENTIFIER = com.lisamsampson.GameLibraryCollections;
				PRODUCT_NAME = "$(TARGET_NAME)";
				SWIFT_VERSION = 4.2;
				TARGETED_DEVICE_FAMILY = "1,2";
			};
			name = Debug;
		};
		FF7008CB215946E900C52C6C /* Release */ = {
			isa = XCBuildConfiguration;
			baseConfigurationReference = 4ACB8AEF959EEE895AE3A551 /* Pods-GameLibraryCollections.release.xcconfig */;
			buildSettings = {
				ASSETCATALOG_COMPILER_APPICON_NAME = AppIcon;
				CODE_SIGN_STYLE = Automatic;
				DEVELOPMENT_TEAM = 2LA5UAXN45;
				INFOPLIST_FILE = "$(SRCROOT)/GameLibraryCollections/Resources/Info.plist";
				LD_RUNPATH_SEARCH_PATHS = (
					"$(inherited)",
					"@executable_path/Frameworks",
				);
				PRODUCT_BUNDLE_IDENTIFIER = com.lisamsampson.GameLibraryCollections;
				PRODUCT_NAME = "$(TARGET_NAME)";
				SWIFT_VERSION = 4.2;
				TARGETED_DEVICE_FAMILY = "1,2";
			};
			name = Release;
		};
		FF7008CD215946E900C52C6C /* Debug */ = {
			isa = XCBuildConfiguration;
			baseConfigurationReference = 7A1B0B825EEE8B537D9203A3 /* Pods-GameLibraryCollectionsTests.debug.xcconfig */;
			buildSettings = {
				ALWAYS_EMBED_SWIFT_STANDARD_LIBRARIES = YES;
				BUNDLE_LOADER = "$(TEST_HOST)";
				CLANG_ENABLE_MODULES = YES;
				CODE_SIGN_STYLE = Automatic;
				DEVELOPMENT_TEAM = 2LA5UAXN45;
				INFOPLIST_FILE = GameLibraryCollectionsTests/Info.plist;
				LD_RUNPATH_SEARCH_PATHS = (
					"$(inherited)",
					"@executable_path/Frameworks",
					"@loader_path/Frameworks",
				);
				PRODUCT_BUNDLE_IDENTIFIER = com.lisamsampson.GameLibraryCollectionsTests;
				PRODUCT_NAME = "$(TARGET_NAME)";
				SWIFT_OPTIMIZATION_LEVEL = "-Onone";
				SWIFT_VERSION = 4.2;
				TARGETED_DEVICE_FAMILY = "1,2";
				TEST_HOST = "$(BUILT_PRODUCTS_DIR)/GameLibraryCollections.app/GameLibraryCollections";
			};
			name = Debug;
		};
		FF7008CE215946E900C52C6C /* Release */ = {
			isa = XCBuildConfiguration;
			baseConfigurationReference = 64A07DBFF626FBE3DCB1EAC3 /* Pods-GameLibraryCollectionsTests.release.xcconfig */;
			buildSettings = {
				ALWAYS_EMBED_SWIFT_STANDARD_LIBRARIES = YES;
				BUNDLE_LOADER = "$(TEST_HOST)";
				CLANG_ENABLE_MODULES = YES;
				CODE_SIGN_STYLE = Automatic;
				DEVELOPMENT_TEAM = 2LA5UAXN45;
				INFOPLIST_FILE = GameLibraryCollectionsTests/Info.plist;
				LD_RUNPATH_SEARCH_PATHS = (
					"$(inherited)",
					"@executable_path/Frameworks",
					"@loader_path/Frameworks",
				);
				PRODUCT_BUNDLE_IDENTIFIER = com.lisamsampson.GameLibraryCollectionsTests;
				PRODUCT_NAME = "$(TARGET_NAME)";
				SWIFT_VERSION = 4.2;
				TARGETED_DEVICE_FAMILY = "1,2";
				TEST_HOST = "$(BUILT_PRODUCTS_DIR)/GameLibraryCollections.app/GameLibraryCollections";
			};
			name = Release;
		};
		FF7008D0215946E900C52C6C /* Debug */ = {
			isa = XCBuildConfiguration;
			baseConfigurationReference = BD36ECE86F2CE03DAC6C120D /* Pods-GameLibraryCollectionsUITests.debug.xcconfig */;
			buildSettings = {
				ALWAYS_EMBED_SWIFT_STANDARD_LIBRARIES = YES;
				CODE_SIGN_STYLE = Automatic;
				DEVELOPMENT_TEAM = 2LA5UAXN45;
				INFOPLIST_FILE = GameLibraryCollectionsUITests/Info.plist;
				LD_RUNPATH_SEARCH_PATHS = (
					"$(inherited)",
					"@executable_path/Frameworks",
					"@loader_path/Frameworks",
				);
				PRODUCT_BUNDLE_IDENTIFIER = com.lisamsampson.GameLibraryCollectionsUITests;
				PRODUCT_NAME = "$(TARGET_NAME)";
				SWIFT_VERSION = 4.2;
				TARGETED_DEVICE_FAMILY = "1,2";
				TEST_TARGET_NAME = GameLibraryCollections;
			};
			name = Debug;
		};
		FF7008D1215946E900C52C6C /* Release */ = {
			isa = XCBuildConfiguration;
			baseConfigurationReference = 482A7E2B563FE51677E0DC89 /* Pods-GameLibraryCollectionsUITests.release.xcconfig */;
			buildSettings = {
				ALWAYS_EMBED_SWIFT_STANDARD_LIBRARIES = YES;
				CODE_SIGN_STYLE = Automatic;
				DEVELOPMENT_TEAM = 2LA5UAXN45;
				INFOPLIST_FILE = GameLibraryCollectionsUITests/Info.plist;
				LD_RUNPATH_SEARCH_PATHS = (
					"$(inherited)",
					"@executable_path/Frameworks",
					"@loader_path/Frameworks",
				);
				PRODUCT_BUNDLE_IDENTIFIER = com.lisamsampson.GameLibraryCollectionsUITests;
				PRODUCT_NAME = "$(TARGET_NAME)";
				SWIFT_VERSION = 4.2;
				TARGETED_DEVICE_FAMILY = "1,2";
				TEST_TARGET_NAME = GameLibraryCollections;
			};
			name = Release;
		};
/* End XCBuildConfiguration section */

/* Begin XCConfigurationList section */
		FF700899215946E800C52C6C /* Build configuration list for PBXProject "GameLibraryCollections" */ = {
			isa = XCConfigurationList;
			buildConfigurations = (
				FF7008C7215946E900C52C6C /* Debug */,
				FF7008C8215946E900C52C6C /* Release */,
			);
			defaultConfigurationIsVisible = 0;
			defaultConfigurationName = Release;
		};
		FF7008C9215946E900C52C6C /* Build configuration list for PBXNativeTarget "GameLibraryCollections" */ = {
			isa = XCConfigurationList;
			buildConfigurations = (
				FF7008CA215946E900C52C6C /* Debug */,
				FF7008CB215946E900C52C6C /* Release */,
			);
			defaultConfigurationIsVisible = 0;
			defaultConfigurationName = Release;
		};
		FF7008CC215946E900C52C6C /* Build configuration list for PBXNativeTarget "GameLibraryCollectionsTests" */ = {
			isa = XCConfigurationList;
			buildConfigurations = (
				FF7008CD215946E900C52C6C /* Debug */,
				FF7008CE215946E900C52C6C /* Release */,
			);
			defaultConfigurationIsVisible = 0;
			defaultConfigurationName = Release;
		};
		FF7008CF215946E900C52C6C /* Build configuration list for PBXNativeTarget "GameLibraryCollectionsUITests" */ = {
			isa = XCConfigurationList;
			buildConfigurations = (
				FF7008D0215946E900C52C6C /* Debug */,
				FF7008D1215946E900C52C6C /* Release */,
			);
			defaultConfigurationIsVisible = 0;
			defaultConfigurationName = Release;
		};
/* End XCConfigurationList section */

/* Begin XCVersionGroup section */
		FF7008A8215946E800C52C6C /* GameLibraryCollections.xcdatamodeld */ = {
			isa = XCVersionGroup;
			children = (
				FF7008A9215946E800C52C6C /* GameLibraryCollections.xcdatamodel */,
			);
			currentVersion = FF7008A9215946E800C52C6C /* GameLibraryCollections.xcdatamodel */;
			path = GameLibraryCollections.xcdatamodeld;
			sourceTree = "<group>";
			versionGroupType = wrapper.xcdatamodel;
		};
/* End XCVersionGroup section */
	};
	rootObject = FF700896215946E800C52C6C /* Project object */;
}
